
Microsoft Visual Studio Solution File, Format Version 12.00
# Visual Studio Version 16
VisualStudioVersion = 16.0.31025.194
MinimumVisualStudioVersion = 10.0.40219.1
Project("{8BC9CEB8-8B4A-11D0-8D11-00A0C91BC942}") = "CppTestApp", "CppTestApp.vcxproj", "{0AAA02D0-D6A7-4064-99BF-D07EB7AD3FFA}"
EndProject
Project("{8BC9CEB8-8B4A-11D0-8D11-00A0C91BC942}") = "Chap01", "..\Chap01\Chap01.vcxproj", "{9F4683A9-2E9C-462C-8E56-30C04C666763}"
EndProject
Project("{8BC9CEB8-8B4A-11D0-8D11-00A0C91BC942}") = "Chap02", "..\Chap02\Chap02.vcxproj", "{4739BA16-88A6-4872-9881-6F165F46C118}"
EndProject
Project("{8BC9CEB8-8B4A-11D0-8D11-00A0C91BC942}") = "Chap03", "..\Chap03\Chap03.vcxproj", "{1286F448-8833-4811-A737-89F0327C7884}"
EndProject
Project("{8BC9CEB8-8B4A-11D0-8D11-00A0C91BC942}") = "Chap04", "..\Chap04\Chap04.vcxproj", "{3F4E2919-4388-419A-932A-40E6E2AE156F}"
EndProject
Project("{8BC9CEB8-8B4A-11D0-8D11-00A0C91BC942}") = "Chap05", "..\Chap05\Chap05.vcxproj", "{5ECB6CDD-343E-4E71-BBB9-94B9A0623164}"
EndProject
Project("{8BC9CEB8-8B4A-11D0-8D11-00A0C91BC942}") = "Chap06", "..\Chap06\Chap06.vcxproj", "{A7FD9086-1BA5-42FA-B1E1-1E00567359DE}"
EndProject
Project("{8BC9CEB8-8B4A-11D0-8D11-00A0C91BC942}") = "Chap07", "..\Chap07\Chap07.vcxproj", "{707C7D0D-C26F-4411-BC23-12127A8B45EB}"
EndProject
Project("{8BC9CEB8-8B4A-11D0-8D11-00A0C91BC942}") = "Chap08", "..\Chap08\Chap08.vcxproj", "{5A2A7061-92C8-42C0-8481-664123228422}"
EndProject
Project("{8BC9CEB8-8B4A-11D0-8D11-00A0C91BC942}") = "Chap09", "..\Chap09\Chap09.vcxproj", "{EB0943D6-8951-4F6C-959C-9D95FAB1FFC4}"
EndProject
Project("{8BC9CEB8-8B4A-11D0-8D11-00A0C91BC942}") = "Chap10", "..\Chap10\Chap10.vcxproj", "{E58773E0-9DB7-4A59-BCCF-D387810B1FBE}"
EndProject
Project("{8BC9CEB8-8B4A-11D0-8D11-00A0C91BC942}") = "Chap12", "..\Chap12\Chap12.vcxproj", "{CD46A5CA-CA57-4C6C-BA0C-8C0E65856B63}"
EndProject
Global
	GlobalSection(SolutionConfigurationPlatforms) = preSolution
		Debug|x64 = Debug|x64
		Debug|x86 = Debug|x86
		Release|x64 = Release|x64
		Release|x86 = Release|x86
	EndGlobalSection
	GlobalSection(ProjectConfigurationPlatforms) = postSolution
		{0AAA02D0-D6A7-4064-99BF-D07EB7AD3FFA}.Debug|x64.ActiveCfg = Debug|x64
		{0AAA02D0-D6A7-4064-99BF-D07EB7AD3FFA}.Debug|x64.Build.0 = Debug|x64
		{0AAA02D0-D6A7-4064-99BF-D07EB7AD3FFA}.Debug|x86.ActiveCfg = Debug|Win32
		{0AAA02D0-D6A7-4064-99BF-D07EB7AD3FFA}.Debug|x86.Build.0 = Debug|Win32
		{0AAA02D0-D6A7-4064-99BF-D07EB7AD3FFA}.Release|x64.ActiveCfg = Release|x64
		{0AAA02D0-D6A7-4064-99BF-D07EB7AD3FFA}.Release|x64.Build.0 = Release|x64
		{0AAA02D0-D6A7-4064-99BF-D07EB7AD3FFA}.Release|x86.ActiveCfg = Release|Win32
		{0AAA02D0-D6A7-4064-99BF-D07EB7AD3FFA}.Release|x86.Build.0 = Release|Win32
		{9F4683A9-2E9C-462C-8E56-30C04C666763}.Debug|x64.ActiveCfg = Debug|x64
		{9F4683A9-2E9C-462C-8E56-30C04C666763}.Debug|x64.Build.0 = Debug|x64
		{9F4683A9-2E9C-462C-8E56-30C04C666763}.Debug|x86.ActiveCfg = Debug|Win32
		{9F4683A9-2E9C-462C-8E56-30C04C666763}.Debug|x86.Build.0 = Debug|Win32
		{9F4683A9-2E9C-462C-8E56-30C04C666763}.Release|x64.ActiveCfg = Release|x64
		{9F4683A9-2E9C-462C-8E56-30C04C666763}.Release|x64.Build.0 = Release|x64
		{9F4683A9-2E9C-462C-8E56-30C04C666763}.Release|x86.ActiveCfg = Release|Win32
		{9F4683A9-2E9C-462C-8E56-30C04C666763}.Release|x86.Build.0 = Release|Win32
		{4739BA16-88A6-4872-9881-6F165F46C118}.Debug|x64.ActiveCfg = Debug|x64
		{4739BA16-88A6-4872-9881-6F165F46C118}.Debug|x64.Build.0 = Debug|x64
		{4739BA16-88A6-4872-9881-6F165F46C118}.Debug|x86.ActiveCfg = Debug|Win32
		{4739BA16-88A6-4872-9881-6F165F46C118}.Debug|x86.Build.0 = Debug|Win32
		{4739BA16-88A6-4872-9881-6F165F46C118}.Release|x64.ActiveCfg = Release|x64
		{4739BA16-88A6-4872-9881-6F165F46C118}.Release|x64.Build.0 = Release|x64
		{4739BA16-88A6-4872-9881-6F165F46C118}.Release|x86.ActiveCfg = Release|Win32
		{4739BA16-88A6-4872-9881-6F165F46C118}.Release|x86.Build.0 = Release|Win32
		{1286F448-8833-4811-A737-89F0327C7884}.Debug|x64.ActiveCfg = Debug|x64
		{1286F448-8833-4811-A737-89F0327C7884}.Debug|x64.Build.0 = Debug|x64
		{1286F448-8833-4811-A737-89F0327C7884}.Debug|x86.ActiveCfg = Debug|Win32
		{1286F448-8833-4811-A737-89F0327C7884}.Debug|x86.Build.0 = Debug|Win32
		{1286F448-8833-4811-A737-89F0327C7884}.Release|x64.ActiveCfg = Release|x64
		{1286F448-8833-4811-A737-89F0327C7884}.Release|x64.Build.0 = Release|x64
		{1286F448-8833-4811-A737-89F0327C7884}.Release|x86.ActiveCfg = Release|Win32
		{1286F448-8833-4811-A737-89F0327C7884}.Release|x86.Build.0 = Release|Win32
		{3F4E2919-4388-419A-932A-40E6E2AE156F}.Debug|x64.ActiveCfg = Debug|x64
		{3F4E2919-4388-419A-932A-40E6E2AE156F}.Debug|x64.Build.0 = Debug|x64
		{3F4E2919-4388-419A-932A-40E6E2AE156F}.Debug|x86.ActiveCfg = Debug|Win32
		{3F4E2919-4388-419A-932A-40E6E2AE156F}.Debug|x86.Build.0 = Debug|Win32
		{3F4E2919-4388-419A-932A-40E6E2AE156F}.Release|x64.ActiveCfg = Release|x64
		{3F4E2919-4388-419A-932A-40E6E2AE156F}.Release|x64.Build.0 = Release|x64
		{3F4E2919-4388-419A-932A-40E6E2AE156F}.Release|x86.ActiveCfg = Release|Win32
		{3F4E2919-4388-419A-932A-40E6E2AE156F}.Release|x86.Build.0 = Release|Win32
		{5ECB6CDD-343E-4E71-BBB9-94B9A0623164}.Debug|x64.ActiveCfg = Debug|x64
		{5ECB6CDD-343E-4E71-BBB9-94B9A0623164}.Debug|x64.Build.0 = Debug|x64
		{5ECB6CDD-343E-4E71-BBB9-94B9A0623164}.Debug|x86.ActiveCfg = Debug|Win32
		{5ECB6CDD-343E-4E71-BBB9-94B9A0623164}.Debug|x86.Build.0 = Debug|Win32
		{5ECB6CDD-343E-4E71-BBB9-94B9A0623164}.Release|x64.ActiveCfg = Release|x64
		{5ECB6CDD-343E-4E71-BBB9-94B9A0623164}.Release|x64.Build.0 = Release|x64
		{5ECB6CDD-343E-4E71-BBB9-94B9A0623164}.Release|x86.ActiveCfg = Release|Win32
		{5ECB6CDD-343E-4E71-BBB9-94B9A0623164}.Release|x86.Build.0 = Release|Win32
		{A7FD9086-1BA5-42FA-B1E1-1E00567359DE}.Debug|x64.ActiveCfg = Debug|x64
		{A7FD9086-1BA5-42FA-B1E1-1E00567359DE}.Debug|x64.Build.0 = Debug|x64
		{A7FD9086-1BA5-42FA-B1E1-1E00567359DE}.Debug|x86.ActiveCfg = Debug|Win32
		{A7FD9086-1BA5-42FA-B1E1-1E00567359DE}.Debug|x86.Build.0 = Debug|Win32
		{A7FD9086-1BA5-42FA-B1E1-1E00567359DE}.Release|x64.ActiveCfg = Release|x64
		{A7FD9086-1BA5-42FA-B1E1-1E00567359DE}.Release|x64.Build.0 = Release|x64
		{A7FD9086-1BA5-42FA-B1E1-1E00567359DE}.Release|x86.ActiveCfg = Release|Win32
		{A7FD9086-1BA5-42FA-B1E1-1E00567359DE}.Release|x86.Build.0 = Release|Win32
		{707C7D0D-C26F-4411-BC23-12127A8B45EB}.Debug|x64.ActiveCfg = Debug|x64
		{707C7D0D-C26F-4411-BC23-12127A8B45EB}.Debug|x64.Build.0 = Debug|x64
		{707C7D0D-C26F-4411-BC23-12127A8B45EB}.Debug|x86.ActiveCfg = Debug|Win32
		{707C7D0D-C26F-4411-BC23-12127A8B45EB}.Debug|x86.Build.0 = Debug|Win32
		{707C7D0D-C26F-4411-BC23-12127A8B45EB}.Release|x64.ActiveCfg = Release|x64
		{707C7D0D-C26F-4411-BC23-12127A8B45EB}.Release|x64.Build.0 = Release|x64
		{707C7D0D-C26F-4411-BC23-12127A8B45EB}.Release|x86.ActiveCfg = Release|Win32
		{707C7D0D-C26F-4411-BC23-12127A8B45EB}.Release|x86.Build.0 = Release|Win32
		{5A2A7061-92C8-42C0-8481-664123228422}.Debug|x64.ActiveCfg = Debug|x64
		{5A2A7061-92C8-42C0-8481-664123228422}.Debug|x64.Build.0 = Debug|x64
		{5A2A7061-92C8-42C0-8481-664123228422}.Debug|x86.ActiveCfg = Debug|Win32
		{5A2A7061-92C8-42C0-8481-664123228422}.Debug|x86.Build.0 = Debug|Win32
		{5A2A7061-92C8-42C0-8481-664123228422}.Release|x64.ActiveCfg = Release|x64
		{5A2A7061-92C8-42C0-8481-664123228422}.Release|x64.Build.0 = Release|x64
		{5A2A7061-92C8-42C0-8481-664123228422}.Release|x86.ActiveCfg = Release|Win32
		{5A2A7061-92C8-42C0-8481-664123228422}.Release|x86.Build.0 = Release|Win32
		{EB0943D6-8951-4F6C-959C-9D95FAB1FFC4}.Debug|x64.ActiveCfg = Debug|x64
		{EB0943D6-8951-4F6C-959C-9D95FAB1FFC4}.Debug|x64.Build.0 = Debug|x64
		{EB0943D6-8951-4F6C-959C-9D95FAB1FFC4}.Debug|x86.ActiveCfg = Debug|Win32
		{EB0943D6-8951-4F6C-959C-9D95FAB1FFC4}.Debug|x86.Build.0 = Debug|Win32
		{EB0943D6-8951-4F6C-959C-9D95FAB1FFC4}.Release|x64.ActiveCfg = Release|x64
		{EB0943D6-8951-4F6C-959C-9D95FAB1FFC4}.Release|x64.Build.0 = Release|x64
		{EB0943D6-8951-4F6C-959C-9D95FAB1FFC4}.Release|x86.ActiveCfg = Release|Win32
		{EB0943D6-8951-4F6C-959C-9D95FAB1FFC4}.Release|x86.Build.0 = Release|Win32
		{E58773E0-9DB7-4A59-BCCF-D387810B1FBE}.Debug|x64.ActiveCfg = Debug|x64
		{E58773E0-9DB7-4A59-BCCF-D387810B1FBE}.Debug|x64.Build.0 = Debug|x64
		{E58773E0-9DB7-4A59-BCCF-D387810B1FBE}.Debug|x86.ActiveCfg = Debug|Win32
		{E58773E0-9DB7-4A59-BCCF-D387810B1FBE}.Debug|x86.Build.0 = Debug|Win32
		{E58773E0-9DB7-4A59-BCCF-D387810B1FBE}.Release|x64.ActiveCfg = Release|x64
		{E58773E0-9DB7-4A59-BCCF-D387810B1FBE}.Release|x64.Build.0 = Release|x64
		{E58773E0-9DB7-4A59-BCCF-D387810B1FBE}.Release|x86.ActiveCfg = Release|Win32
		{E58773E0-9DB7-4A59-BCCF-D387810B1FBE}.Release|x86.Build.0 = Release|Win32
		{CD46A5CA-CA57-4C6C-BA0C-8C0E65856B63}.Debug|x64.ActiveCfg = Debug|x64
		{CD46A5CA-CA57-4C6C-BA0C-8C0E65856B63}.Debug|x64.Build.0 = Debug|x64
		{CD46A5CA-CA57-4C6C-BA0C-8C0E65856B63}.Debug|x86.ActiveCfg = Debug|Win32
		{CD46A5CA-CA57-4C6C-BA0C-8C0E65856B63}.Debug|x86.Build.0 = Debug|Win32
		{CD46A5CA-CA57-4C6C-BA0C-8C0E65856B63}.Release|x64.ActiveCfg = Release|x64
		{CD46A5CA-CA57-4C6C-BA0C-8C0E65856B63}.Release|x64.Build.0 = Release|x64
		{CD46A5CA-CA57-4C6C-BA0C-8C0E65856B63}.Release|x86.ActiveCfg = Release|Win32
		{CD46A5CA-CA57-4C6C-BA0C-8C0E65856B63}.Release|x86.Build.0 = Release|Win32
	EndGlobalSection
	GlobalSection(SolutionProperties) = preSolution
		HideSolutionNode = FALSE
	EndGlobalSection
	GlobalSection(ExtensibilityGlobals) = postSolution
		SolutionGuid = {AE5879ED-32B5-430A-A81C-32CE798C0CDD}
	EndGlobalSection
EndGlobal
